
Microsoft Visual Studio Solution File, Format Version 12.00
# Visual Studio Version 16
VisualStudioVersion = 16.0.29905.134
MinimumVisualStudioVersion = 10.0.40219.1
Project("{FAE04EC0-301F-11D3-BF4B-00C04F79EFBC}") = "AyudandoEnLaPandemia", "AyudandoEnLaPandemia\AyudandoEnLaPandemia.csproj", "{8D309D00-7CD7-4F6C-BC06-E3986500F265}"
EndProject
Project("{FAE04EC0-301F-11D3-BF4B-00C04F79EFBC}") = "Servicios", "Servicios\Servicios.csproj", "{F14D3C44-660C-442C-AF43-8B3F62F49141}"
EndProject
Project("{FAE04EC0-301F-11D3-BF4B-00C04F79EFBC}") = "Repositorio", "Repositorio\Repositorio.csproj", "{50BCE2E8-9F17-4A7D-9919-268E259C9061}"
EndProject
Global
	GlobalSection(SolutionConfigurationPlatforms) = preSolution
		Debug|Any CPU = Debug|Any CPU
		Release|Any CPU = Release|Any CPU
	EndGlobalSection
	GlobalSection(ProjectConfigurationPlatforms) = postSolution
		{8D309D00-7CD7-4F6C-BC06-E3986500F265}.Debug|Any CPU.ActiveCfg = Debug|Any CPU
		{8D309D00-7CD7-4F6C-BC06-E3986500F265}.Debug|Any CPU.Build.0 = Debug|Any CPU
		{8D309D00-7CD7-4F6C-BC06-E3986500F265}.Release|Any CPU.ActiveCfg = Release|Any CPU
		{8D309D00-7CD7-4F6C-BC06-E3986500F265}.Release|Any CPU.Build.0 = Release|Any CPU
		{F14D3C44-660C-442C-AF43-8B3F62F49141}.Debug|Any CPU.ActiveCfg = Debug|Any CPU
		{F14D3C44-660C-442C-AF43-8B3F62F49141}.Debug|Any CPU.Build.0 = Debug|Any CPU
		{F14D3C44-660C-442C-AF43-8B3F62F49141}.Release|Any CPU.ActiveCfg = Release|Any CPU
		{F14D3C44-660C-442C-AF43-8B3F62F49141}.Release|Any CPU.Build.0 = Release|Any CPU
		{50BCE2E8-9F17-4A7D-9919-268E259C9061}.Debug|Any CPU.ActiveCfg = Debug|Any CPU
		{50BCE2E8-9F17-4A7D-9919-268E259C9061}.Debug|Any CPU.Build.0 = Debug|Any CPU
		{50BCE2E8-9F17-4A7D-9919-268E259C9061}.Release|Any CPU.ActiveCfg = Release|Any CPU
		{50BCE2E8-9F17-4A7D-9919-268E259C9061}.Release|Any CPU.Build.0 = Release|Any CPU
	EndGlobalSection
	GlobalSection(SolutionProperties) = preSolution
		HideSolutionNode = FALSE
	EndGlobalSection
	GlobalSection(ExtensibilityGlobals) = postSolution
		SolutionGuid = {99D61872-F530-4DE2-AD0F-8AA2F4A75808}
	EndGlobalSection
EndGlobal
